
Microsoft Visual Studio Solution File, Format Version 12.00
# Visual Studio Version 17
VisualStudioVersion = 17.9.34728.123
MinimumVisualStudioVersion = 10.0.40219.1
Project("{FAE04EC0-301F-11D3-BF4B-00C04F79EFBC}") = "EventsSolution", "EventsSolution\EventsSolution.csproj", "{F7A98C9C-6F2E-4768-8BB9-30D09230F02E}"
EndProject
Global
	GlobalSection(SolutionConfigurationPlatforms) = preSolution
		Debug|Any CPU = Debug|Any CPU
		Release|Any CPU = Release|Any CPU
	EndGlobalSection
	GlobalSection(ProjectConfigurationPlatforms) = postSolution
		{F7A98C9C-6F2E-4768-8BB9-30D09230F02E}.Debug|Any CPU.ActiveCfg = Debug|Any CPU
		{F7A98C9C-6F2E-4768-8BB9-30D09230F02E}.Debug|Any CPU.Build.0 = Debug|Any CPU
		{F7A98C9C-6F2E-4768-8BB9-30D09230F02E}.Release|Any CPU.ActiveCfg = Release|Any CPU
		{F7A98C9C-6F2E-4768-8BB9-30D09230F02E}.Release|Any CPU.Build.0 = Release|Any CPU
	EndGlobalSection
	GlobalSection(SolutionProperties) = preSolution
		HideSolutionNode = FALSE
	EndGlobalSection
	GlobalSection(ExtensibilityGlobals) = postSolution
		SolutionGuid = {839DE727-46E9-4591-90B3-805CF4E4E867}
	EndGlobalSection
EndGlobal
